
Microsoft Visual Studio Solution File, Format Version 12.00
# Visual Studio Version 16
VisualStudioVersion = 16.0.30804.86
MinimumVisualStudioVersion = 10.0.40219.1
Project("{9A19103F-16F7-4668-BE54-9A1E7A4F7556}") = "KampIntro", "KampIntro\KampIntro.csproj", "{E5CAE2F7-57FC-4A35-B1C7-44014EA2F4E7}"
EndProject
Project("{FAE04EC0-301F-11D3-BF4B-00C04F79EFBC}") = "Metotlar", "Metotlar\Metotlar.csproj", "{486DABD2-4338-4BB0-AD9B-ABDD777D91C6}"
EndProject
Project("{FAE04EC0-301F-11D3-BF4B-00C04F79EFBC}") = "Matematik", "Matematik\Matematik.csproj", "{1F179400-F9E0-44CD-A743-7D6012E74AC7}"
EndProject
Project("{FAE04EC0-301F-11D3-BF4B-00C04F79EFBC}") = "DegerVeReferansTipler", "DegerVeReferansTipler\DegerVeReferansTipler.csproj", "{51ECBA0D-6647-404A-A623-26310019706F}"
EndProject
Global
	GlobalSection(SolutionConfigurationPlatforms) = preSolution
		Debug|Any CPU = Debug|Any CPU
		Release|Any CPU = Release|Any CPU
	EndGlobalSection
	GlobalSection(ProjectConfigurationPlatforms) = postSolution
		{E5CAE2F7-57FC-4A35-B1C7-44014EA2F4E7}.Debug|Any CPU.ActiveCfg = Debug|Any CPU
		{E5CAE2F7-57FC-4A35-B1C7-44014EA2F4E7}.Debug|Any CPU.Build.0 = Debug|Any CPU
		{E5CAE2F7-57FC-4A35-B1C7-44014EA2F4E7}.Release|Any CPU.ActiveCfg = Release|Any CPU
		{E5CAE2F7-57FC-4A35-B1C7-44014EA2F4E7}.Release|Any CPU.Build.0 = Release|Any CPU
		{486DABD2-4338-4BB0-AD9B-ABDD777D91C6}.Debug|Any CPU.ActiveCfg = Debug|Any CPU
		{486DABD2-4338-4BB0-AD9B-ABDD777D91C6}.Debug|Any CPU.Build.0 = Debug|Any CPU
		{486DABD2-4338-4BB0-AD9B-ABDD777D91C6}.Release|Any CPU.ActiveCfg = Release|Any CPU
		{486DABD2-4338-4BB0-AD9B-ABDD777D91C6}.Release|Any CPU.Build.0 = Release|Any CPU
		{1F179400-F9E0-44CD-A743-7D6012E74AC7}.Debug|Any CPU.ActiveCfg = Debug|Any CPU
		{1F179400-F9E0-44CD-A743-7D6012E74AC7}.Debug|Any CPU.Build.0 = Debug|Any CPU
		{1F179400-F9E0-44CD-A743-7D6012E74AC7}.Release|Any CPU.ActiveCfg = Release|Any CPU
		{1F179400-F9E0-44CD-A743-7D6012E74AC7}.Release|Any CPU.Build.0 = Release|Any CPU
		{51ECBA0D-6647-404A-A623-26310019706F}.Debug|Any CPU.ActiveCfg = Debug|Any CPU
		{51ECBA0D-6647-404A-A623-26310019706F}.Debug|Any CPU.Build.0 = Debug|Any CPU
		{51ECBA0D-6647-404A-A623-26310019706F}.Release|Any CPU.ActiveCfg = Release|Any CPU
		{51ECBA0D-6647-404A-A623-26310019706F}.Release|Any CPU.Build.0 = Release|Any CPU
	EndGlobalSection
	GlobalSection(SolutionProperties) = preSolution
		HideSolutionNode = FALSE
	EndGlobalSection
	GlobalSection(ExtensibilityGlobals) = postSolution
		SolutionGuid = {69FEFEDC-F543-41A7-B130-8BEAB0B682F1}
	EndGlobalSection
EndGlobal
